
Microsoft Visual Studio Solution File, Format Version 12.00
# Visual Studio 15
VisualStudioVersion = 15.0.26730.12
MinimumVisualStudioVersion = 10.0.40219.1
Project("{FAE04EC0-301F-11D3-BF4B-00C04F79EFBC}") = "WorldWideGamerMVC", "WorldWideGamerMVC\WorldWideGamerMVC.csproj", "{5F2397BD-FFAE-4E84-BE3A-152F69901700}"
EndProject
Project("{FAE04EC0-301F-11D3-BF4B-00C04F79EFBC}") = "FillDatabaseTest", "FillDatabaseTest\FillDatabaseTest.csproj", "{F0EFE408-66DF-4999-9871-F7DED8A0F395}"
EndProject
Global
	GlobalSection(SolutionConfigurationPlatforms) = preSolution
		Debug|Any CPU = Debug|Any CPU
		Release|Any CPU = Release|Any CPU
	EndGlobalSection
	GlobalSection(ProjectConfigurationPlatforms) = postSolution
		{5F2397BD-FFAE-4E84-BE3A-152F69901700}.Debug|Any CPU.ActiveCfg = Debug|Any CPU
		{5F2397BD-FFAE-4E84-BE3A-152F69901700}.Debug|Any CPU.Build.0 = Debug|Any CPU
		{5F2397BD-FFAE-4E84-BE3A-152F69901700}.Release|Any CPU.ActiveCfg = Release|Any CPU
		{5F2397BD-FFAE-4E84-BE3A-152F69901700}.Release|Any CPU.Build.0 = Release|Any CPU
		{F0EFE408-66DF-4999-9871-F7DED8A0F395}.Debug|Any CPU.ActiveCfg = Debug|Any CPU
		{F0EFE408-66DF-4999-9871-F7DED8A0F395}.Debug|Any CPU.Build.0 = Debug|Any CPU
		{F0EFE408-66DF-4999-9871-F7DED8A0F395}.Release|Any CPU.ActiveCfg = Release|Any CPU
		{F0EFE408-66DF-4999-9871-F7DED8A0F395}.Release|Any CPU.Build.0 = Release|Any CPU
	EndGlobalSection
	GlobalSection(SolutionProperties) = preSolution
		HideSolutionNode = FALSE
	EndGlobalSection
	GlobalSection(ExtensibilityGlobals) = postSolution
		SolutionGuid = {80B8A451-5980-4C84-9107-25F80B019D62}
	EndGlobalSection
EndGlobal
